
Microsoft Visual Studio Solution File, Format Version 12.00
# Visual Studio Version 17
VisualStudioVersion = 17.6.33712.159
MinimumVisualStudioVersion = 10.0.40219.1
Project("{FAE04EC0-301F-11D3-BF4B-00C04F79EFBC}") = "LumaTests", "LumaTests\LumaTests.csproj", "{36DF5584-C354-4734-B786-75EB35AC3168}"
EndProject
Global
	GlobalSection(SolutionConfigurationPlatforms) = preSolution
		Debug|Any CPU = Debug|Any CPU
		Release|Any CPU = Release|Any CPU
	EndGlobalSection
	GlobalSection(ProjectConfigurationPlatforms) = postSolution
		{36DF5584-C354-4734-B786-75EB35AC3168}.Debug|Any CPU.ActiveCfg = Debug|Any CPU
		{36DF5584-C354-4734-B786-75EB35AC3168}.Debug|Any CPU.Build.0 = Debug|Any CPU
		{36DF5584-C354-4734-B786-75EB35AC3168}.Release|Any CPU.ActiveCfg = Release|Any CPU
		{36DF5584-C354-4734-B786-75EB35AC3168}.Release|Any CPU.Build.0 = Release|Any CPU
	EndGlobalSection
	GlobalSection(SolutionProperties) = preSolution
		HideSolutionNode = FALSE
	EndGlobalSection
	GlobalSection(ExtensibilityGlobals) = postSolution
		SolutionGuid = {4EA4A3FD-3714-4CDA-A0C5-B2AF288C25DC}
	EndGlobalSection
EndGlobal
